
Microsoft Visual Studio Solution File, Format Version 12.00
# Visual Studio Version 17
VisualStudioVersion = 17.5.33414.496
MinimumVisualStudioVersion = 10.0.40219.1
Project("{FAE04EC0-301F-11D3-BF4B-00C04F79EFBC}") = "Evoke", "Evoke\Evoke.csproj", "{0C5254EC-53F8-49B5-A66D-2761AD64AC1D}"
EndProject
Global
	GlobalSection(SolutionConfigurationPlatforms) = preSolution
		Debug|Any CPU = Debug|Any CPU
		Release|Any CPU = Release|Any CPU
	EndGlobalSection
	GlobalSection(ProjectConfigurationPlatforms) = postSolution
		{0C5254EC-53F8-49B5-A66D-2761AD64AC1D}.Debug|Any CPU.ActiveCfg = Debug|Any CPU
		{0C5254EC-53F8-49B5-A66D-2761AD64AC1D}.Debug|Any CPU.Build.0 = Debug|Any CPU
		{0C5254EC-53F8-49B5-A66D-2761AD64AC1D}.Release|Any CPU.ActiveCfg = Release|Any CPU
		{0C5254EC-53F8-49B5-A66D-2761AD64AC1D}.Release|Any CPU.Build.0 = Release|Any CPU
	EndGlobalSection
	GlobalSection(SolutionProperties) = preSolution
		HideSolutionNode = FALSE
	EndGlobalSection
	GlobalSection(ExtensibilityGlobals) = postSolution
		SolutionGuid = {3954E71B-80F8-40A8-A78A-F506BD45BB0C}
	EndGlobalSection
EndGlobal
